
Microsoft Visual Studio Solution File, Format Version 12.00
# Visual Studio Version 16
VisualStudioVersion = 16.0.29409.12
MinimumVisualStudioVersion = 10.0.40219.1
Project("{FAE04EC0-301F-11D3-BF4B-00C04F79EFBC}") = "LaserCuttingAndEngravingServices", "LaserCuttingAndEngravingServices\LaserCuttingAndEngravingServices.csproj", "{7D74261A-C8E7-4951-BE13-9D43D55CB62B}"
EndProject
Global
	GlobalSection(SolutionConfigurationPlatforms) = preSolution
		Debug|Any CPU = Debug|Any CPU
		Release|Any CPU = Release|Any CPU
	EndGlobalSection
	GlobalSection(ProjectConfigurationPlatforms) = postSolution
		{7D74261A-C8E7-4951-BE13-9D43D55CB62B}.Debug|Any CPU.ActiveCfg = Debug|Any CPU
		{7D74261A-C8E7-4951-BE13-9D43D55CB62B}.Debug|Any CPU.Build.0 = Debug|Any CPU
		{7D74261A-C8E7-4951-BE13-9D43D55CB62B}.Release|Any CPU.ActiveCfg = Release|Any CPU
		{7D74261A-C8E7-4951-BE13-9D43D55CB62B}.Release|Any CPU.Build.0 = Release|Any CPU
	EndGlobalSection
	GlobalSection(SolutionProperties) = preSolution
		HideSolutionNode = FALSE
	EndGlobalSection
	GlobalSection(ExtensibilityGlobals) = postSolution
		SolutionGuid = {8D1BE6F4-33FD-45FA-9538-FFC6C6063EAB}
	EndGlobalSection
EndGlobal
